
Microsoft Visual Studio Solution File, Format Version 12.00
Project("{FAE04EC0-301F-11D3-BF4B-00C04F79EFBC}") = "user-service", "user-service\user-service.csproj", "{AF5A93A7-88C3-4004-9DF2-1489D8302186}"
EndProject
Project("{FAE04EC0-301F-11D3-BF4B-00C04F79EFBC}") = "user-serviceTests", "user-serviceTests\user-serviceTests.csproj", "{C3AEC277-68FF-45F4-876B-A47489866C91}"
EndProject
Global
	GlobalSection(SolutionConfigurationPlatforms) = preSolution
		Debug|Any CPU = Debug|Any CPU
		Release|Any CPU = Release|Any CPU
	EndGlobalSection
	GlobalSection(ProjectConfigurationPlatforms) = postSolution
		{AF5A93A7-88C3-4004-9DF2-1489D8302186}.Debug|Any CPU.ActiveCfg = Debug|Any CPU
		{AF5A93A7-88C3-4004-9DF2-1489D8302186}.Debug|Any CPU.Build.0 = Debug|Any CPU
		{AF5A93A7-88C3-4004-9DF2-1489D8302186}.Release|Any CPU.ActiveCfg = Release|Any CPU
		{AF5A93A7-88C3-4004-9DF2-1489D8302186}.Release|Any CPU.Build.0 = Release|Any CPU
		{C3AEC277-68FF-45F4-876B-A47489866C91}.Debug|Any CPU.ActiveCfg = Debug|Any CPU
		{C3AEC277-68FF-45F4-876B-A47489866C91}.Debug|Any CPU.Build.0 = Debug|Any CPU
		{C3AEC277-68FF-45F4-876B-A47489866C91}.Release|Any CPU.ActiveCfg = Release|Any CPU
		{C3AEC277-68FF-45F4-876B-A47489866C91}.Release|Any CPU.Build.0 = Release|Any CPU
	EndGlobalSection
EndGlobal
